
Microsoft Visual Studio Solution File, Format Version 12.00
# Visual Studio 15
VisualStudioVersion = 15.0.28010.2026
MinimumVisualStudioVersion = 10.0.40219.1
Project("{FAE04EC0-301F-11D3-BF4B-00C04F79EFBC}") = "WebApiJWTs_GitHub", "WebApiJWTs-GitHub\WebApiJWTs_GitHub.csproj", "{D0DFE01F-1E38-45E1-A240-E2993BD3E251}"
EndProject
Global
	GlobalSection(SolutionConfigurationPlatforms) = preSolution
		Debug|Any CPU = Debug|Any CPU
		Release|Any CPU = Release|Any CPU
	EndGlobalSection
	GlobalSection(ProjectConfigurationPlatforms) = postSolution
		{D0DFE01F-1E38-45E1-A240-E2993BD3E251}.Debug|Any CPU.ActiveCfg = Debug|Any CPU
		{D0DFE01F-1E38-45E1-A240-E2993BD3E251}.Debug|Any CPU.Build.0 = Debug|Any CPU
		{D0DFE01F-1E38-45E1-A240-E2993BD3E251}.Release|Any CPU.ActiveCfg = Release|Any CPU
		{D0DFE01F-1E38-45E1-A240-E2993BD3E251}.Release|Any CPU.Build.0 = Release|Any CPU
	EndGlobalSection
	GlobalSection(SolutionProperties) = preSolution
		HideSolutionNode = FALSE
	EndGlobalSection
	GlobalSection(ExtensibilityGlobals) = postSolution
		SolutionGuid = {35023F05-5ED5-4A1C-99A3-1DB040E92439}
	EndGlobalSection
EndGlobal
